
Microsoft Visual Studio Solution File, Format Version 12.00
# Visual Studio Version 16
VisualStudioVersion = 16.0.30717.126
MinimumVisualStudioVersion = 10.0.40219.1
Project("{FAE04EC0-301F-11D3-BF4B-00C04F79EFBC}") = "CSharp01", "CSharp01\CSharp01.csproj", "{78B41473-37E4-40A6-8EFC-27826DB1E663}"
EndProject
Project("{9A19103F-16F7-4668-BE54-9A1E7A4F7556}") = "CSharp02", "CSharp02\CSharp02.csproj", "{1FF33475-27BC-4501-A774-8951FDC8570C}"
EndProject
Project("{9A19103F-16F7-4668-BE54-9A1E7A4F7556}") = "CSharp03", "CSharp03\CSharp03.csproj", "{B972B667-2932-4818-966C-41D1A89E3168}"
EndProject
Project("{9A19103F-16F7-4668-BE54-9A1E7A4F7556}") = "CSharp04", "CSharp04\CSharp04.csproj", "{6FC38C04-65FA-434D-89C0-FEFDDCA23372}"
EndProject
Project("{9A19103F-16F7-4668-BE54-9A1E7A4F7556}") = "lesson10", "lesson10\lesson10.csproj", "{01FAA5CD-5A5D-4D43-B4CC-2CE32B9B5850}"
EndProject
Project("{9A19103F-16F7-4668-BE54-9A1E7A4F7556}") = "lesson14", "lesson14\lesson14.csproj", "{A186D5A1-95E1-4628-B542-1F229DE27C5C}"
EndProject
Project("{9A19103F-16F7-4668-BE54-9A1E7A4F7556}") = "lesson15", "lesson15\lesson15.csproj", "{1AE83DA2-78D9-45E3-877A-80D7A78BF6FB}"
EndProject
Project("{9A19103F-16F7-4668-BE54-9A1E7A4F7556}") = "lesson16", "lesson16\lesson16.csproj", "{B1328A65-12D0-41A3-B9ED-5CCCB0AA6052}"
EndProject
Project("{9A19103F-16F7-4668-BE54-9A1E7A4F7556}") = "lesson17", "lesson17\lesson17.csproj", "{2E41B9FF-33D2-4B70-A526-48475C505366}"
EndProject
Project("{9A19103F-16F7-4668-BE54-9A1E7A4F7556}") = "lesson18", "lesson18\lesson18.csproj", "{097B50DA-24E3-46F4-9F78-0B5C9136F15A}"
EndProject
Project("{FAE04EC0-301F-11D3-BF4B-00C04F79EFBC}") = "lesson19", "lesson19\lesson19.csproj", "{6F7F2CD5-3601-429C-AFE4-EAC8E8162233}"
EndProject
Project("{FAE04EC0-301F-11D3-BF4B-00C04F79EFBC}") = "lesson20", "lesson20\lesson20.csproj", "{D0596146-9533-44F4-A935-5CBA5FCAAFEC}"
EndProject
Global
	GlobalSection(SolutionConfigurationPlatforms) = preSolution
		Debug|Any CPU = Debug|Any CPU
		Release|Any CPU = Release|Any CPU
	EndGlobalSection
	GlobalSection(ProjectConfigurationPlatforms) = postSolution
		{78B41473-37E4-40A6-8EFC-27826DB1E663}.Debug|Any CPU.ActiveCfg = Debug|Any CPU
		{78B41473-37E4-40A6-8EFC-27826DB1E663}.Debug|Any CPU.Build.0 = Debug|Any CPU
		{78B41473-37E4-40A6-8EFC-27826DB1E663}.Release|Any CPU.ActiveCfg = Release|Any CPU
		{78B41473-37E4-40A6-8EFC-27826DB1E663}.Release|Any CPU.Build.0 = Release|Any CPU
		{1FF33475-27BC-4501-A774-8951FDC8570C}.Debug|Any CPU.ActiveCfg = Debug|Any CPU
		{1FF33475-27BC-4501-A774-8951FDC8570C}.Debug|Any CPU.Build.0 = Debug|Any CPU
		{1FF33475-27BC-4501-A774-8951FDC8570C}.Release|Any CPU.ActiveCfg = Release|Any CPU
		{1FF33475-27BC-4501-A774-8951FDC8570C}.Release|Any CPU.Build.0 = Release|Any CPU
		{B972B667-2932-4818-966C-41D1A89E3168}.Debug|Any CPU.ActiveCfg = Debug|Any CPU
		{B972B667-2932-4818-966C-41D1A89E3168}.Debug|Any CPU.Build.0 = Debug|Any CPU
		{B972B667-2932-4818-966C-41D1A89E3168}.Release|Any CPU.ActiveCfg = Release|Any CPU
		{B972B667-2932-4818-966C-41D1A89E3168}.Release|Any CPU.Build.0 = Release|Any CPU
		{6FC38C04-65FA-434D-89C0-FEFDDCA23372}.Debug|Any CPU.ActiveCfg = Debug|Any CPU
		{6FC38C04-65FA-434D-89C0-FEFDDCA23372}.Debug|Any CPU.Build.0 = Debug|Any CPU
		{6FC38C04-65FA-434D-89C0-FEFDDCA23372}.Release|Any CPU.ActiveCfg = Release|Any CPU
		{6FC38C04-65FA-434D-89C0-FEFDDCA23372}.Release|Any CPU.Build.0 = Release|Any CPU
		{01FAA5CD-5A5D-4D43-B4CC-2CE32B9B5850}.Debug|Any CPU.ActiveCfg = Debug|Any CPU
		{01FAA5CD-5A5D-4D43-B4CC-2CE32B9B5850}.Debug|Any CPU.Build.0 = Debug|Any CPU
		{01FAA5CD-5A5D-4D43-B4CC-2CE32B9B5850}.Release|Any CPU.ActiveCfg = Release|Any CPU
		{01FAA5CD-5A5D-4D43-B4CC-2CE32B9B5850}.Release|Any CPU.Build.0 = Release|Any CPU
		{A186D5A1-95E1-4628-B542-1F229DE27C5C}.Debug|Any CPU.ActiveCfg = Debug|Any CPU
		{A186D5A1-95E1-4628-B542-1F229DE27C5C}.Debug|Any CPU.Build.0 = Debug|Any CPU
		{A186D5A1-95E1-4628-B542-1F229DE27C5C}.Release|Any CPU.ActiveCfg = Release|Any CPU
		{A186D5A1-95E1-4628-B542-1F229DE27C5C}.Release|Any CPU.Build.0 = Release|Any CPU
		{1AE83DA2-78D9-45E3-877A-80D7A78BF6FB}.Debug|Any CPU.ActiveCfg = Debug|Any CPU
		{1AE83DA2-78D9-45E3-877A-80D7A78BF6FB}.Debug|Any CPU.Build.0 = Debug|Any CPU
		{1AE83DA2-78D9-45E3-877A-80D7A78BF6FB}.Release|Any CPU.ActiveCfg = Release|Any CPU
		{1AE83DA2-78D9-45E3-877A-80D7A78BF6FB}.Release|Any CPU.Build.0 = Release|Any CPU
		{B1328A65-12D0-41A3-B9ED-5CCCB0AA6052}.Debug|Any CPU.ActiveCfg = Debug|Any CPU
		{B1328A65-12D0-41A3-B9ED-5CCCB0AA6052}.Debug|Any CPU.Build.0 = Debug|Any CPU
		{B1328A65-12D0-41A3-B9ED-5CCCB0AA6052}.Release|Any CPU.ActiveCfg = Release|Any CPU
		{B1328A65-12D0-41A3-B9ED-5CCCB0AA6052}.Release|Any CPU.Build.0 = Release|Any CPU
		{2E41B9FF-33D2-4B70-A526-48475C505366}.Debug|Any CPU.ActiveCfg = Debug|Any CPU
		{2E41B9FF-33D2-4B70-A526-48475C505366}.Debug|Any CPU.Build.0 = Debug|Any CPU
		{2E41B9FF-33D2-4B70-A526-48475C505366}.Release|Any CPU.ActiveCfg = Release|Any CPU
		{2E41B9FF-33D2-4B70-A526-48475C505366}.Release|Any CPU.Build.0 = Release|Any CPU
		{097B50DA-24E3-46F4-9F78-0B5C9136F15A}.Debug|Any CPU.ActiveCfg = Debug|Any CPU
		{097B50DA-24E3-46F4-9F78-0B5C9136F15A}.Debug|Any CPU.Build.0 = Debug|Any CPU
		{097B50DA-24E3-46F4-9F78-0B5C9136F15A}.Release|Any CPU.ActiveCfg = Release|Any CPU
		{097B50DA-24E3-46F4-9F78-0B5C9136F15A}.Release|Any CPU.Build.0 = Release|Any CPU
		{6F7F2CD5-3601-429C-AFE4-EAC8E8162233}.Debug|Any CPU.ActiveCfg = Debug|Any CPU
		{6F7F2CD5-3601-429C-AFE4-EAC8E8162233}.Debug|Any CPU.Build.0 = Debug|Any CPU
		{6F7F2CD5-3601-429C-AFE4-EAC8E8162233}.Release|Any CPU.ActiveCfg = Release|Any CPU
		{6F7F2CD5-3601-429C-AFE4-EAC8E8162233}.Release|Any CPU.Build.0 = Release|Any CPU
		{D0596146-9533-44F4-A935-5CBA5FCAAFEC}.Debug|Any CPU.ActiveCfg = Debug|Any CPU
		{D0596146-9533-44F4-A935-5CBA5FCAAFEC}.Debug|Any CPU.Build.0 = Debug|Any CPU
		{D0596146-9533-44F4-A935-5CBA5FCAAFEC}.Release|Any CPU.ActiveCfg = Release|Any CPU
		{D0596146-9533-44F4-A935-5CBA5FCAAFEC}.Release|Any CPU.Build.0 = Release|Any CPU
	EndGlobalSection
	GlobalSection(SolutionProperties) = preSolution
		HideSolutionNode = FALSE
	EndGlobalSection
	GlobalSection(ExtensibilityGlobals) = postSolution
		SolutionGuid = {72D7C6AB-1DD1-46E5-9AB3-C2EBEC283D24}
	EndGlobalSection
EndGlobal
